
Microsoft Visual Studio Solution File, Format Version 12.00
# Visual Studio Version 17
VisualStudioVersion = 17.8.34525.116
MinimumVisualStudioVersion = 10.0.40219.1
Project("{FAE04EC0-301F-11D3-BF4B-00C04F79EFBC}") = "WinFormsApp2", "WinFormsApp2\WinFormsApp2.csproj", "{58AF93CF-3BE3-4A8B-A6EA-D39679006EEB}"
EndProject
Global
	GlobalSection(SolutionConfigurationPlatforms) = preSolution
		Debug|Any CPU = Debug|Any CPU
		Release|Any CPU = Release|Any CPU
	EndGlobalSection
	GlobalSection(ProjectConfigurationPlatforms) = postSolution
		{58AF93CF-3BE3-4A8B-A6EA-D39679006EEB}.Debug|Any CPU.ActiveCfg = Debug|Any CPU
		{58AF93CF-3BE3-4A8B-A6EA-D39679006EEB}.Debug|Any CPU.Build.0 = Debug|Any CPU
		{58AF93CF-3BE3-4A8B-A6EA-D39679006EEB}.Release|Any CPU.ActiveCfg = Release|Any CPU
		{58AF93CF-3BE3-4A8B-A6EA-D39679006EEB}.Release|Any CPU.Build.0 = Release|Any CPU
	EndGlobalSection
	GlobalSection(SolutionProperties) = preSolution
		HideSolutionNode = FALSE
	EndGlobalSection
	GlobalSection(ExtensibilityGlobals) = postSolution
		SolutionGuid = {BE01F4BD-576C-4F34-A8DB-BA4118315628}
	EndGlobalSection
EndGlobal
